
Microsoft Visual Studio Solution File, Format Version 12.00
# Visual Studio 15
VisualStudioVersion = 15.0.27004.2005
MinimumVisualStudioVersion = 10.0.40219.1
Project("{9A19103F-16F7-4668-BE54-9A1E7A4F7556}") = "ProjectoEsw", "ProjectoEsw\ProjectoEsw.csproj", "{A0937407-E398-4673-9B85-EFD12008F711}"
EndProject
Global
	GlobalSection(SolutionConfigurationPlatforms) = preSolution
		Debug|Any CPU = Debug|Any CPU
		Release|Any CPU = Release|Any CPU
	EndGlobalSection
	GlobalSection(ProjectConfigurationPlatforms) = postSolution
		{A0937407-E398-4673-9B85-EFD12008F711}.Debug|Any CPU.ActiveCfg = Debug|Any CPU
		{A0937407-E398-4673-9B85-EFD12008F711}.Debug|Any CPU.Build.0 = Debug|Any CPU
		{A0937407-E398-4673-9B85-EFD12008F711}.Release|Any CPU.ActiveCfg = Debug|Any CPU
		{A0937407-E398-4673-9B85-EFD12008F711}.Release|Any CPU.Build.0 = Debug|Any CPU
	EndGlobalSection
	GlobalSection(SolutionProperties) = preSolution
		HideSolutionNode = FALSE
	EndGlobalSection
	GlobalSection(ExtensibilityGlobals) = postSolution
		SolutionGuid = {631DC475-9A2E-4060-888A-EB82AA79559C}
	EndGlobalSection
EndGlobal
